{
  "name": "test",
  "version": "1.0.0",
  "lockfileVersion": 1,
  "requires": true,
  "dependencies": {
    "simple-ngram-markov": {
      "version": "1.0.4",
      "resolved": "https://registry.npmjs.org/simple-ngram-markov/-/simple-ngram-markov-1.0.4.tgz",
      "integrity": "sha1-IvPACcShc/VpZsj0r5ERE1c4Ivg="
    }
  }
}
